
Microsoft Visual Studio Solution File, Format Version 12.00
# Visual Studio Version 16
VisualStudioVersion = 16.0.29009.5
MinimumVisualStudioVersion = 10.0.40219.1
Project("{9A19103F-16F7-4668-BE54-9A1E7A4F7556}") = "Features", "Features\Features.csproj", "{4FBD32DD-6214-43C7-A8A8-FCA75D220521}"
EndProject
Project("{FAE04EC0-301F-11D3-BF4B-00C04F79EFBC}") = "Queries", "Queries\Queries.csproj", "{7607F142-4310-4295-84B4-768549942574}"
EndProject
Global
	GlobalSection(SolutionConfigurationPlatforms) = preSolution
		Debug|Any CPU = Debug|Any CPU
		Release|Any CPU = Release|Any CPU
	EndGlobalSection
	GlobalSection(ProjectConfigurationPlatforms) = postSolution
		{4FBD32DD-6214-43C7-A8A8-FCA75D220521}.Debug|Any CPU.ActiveCfg = Debug|Any CPU
		{4FBD32DD-6214-43C7-A8A8-FCA75D220521}.Debug|Any CPU.Build.0 = Debug|Any CPU
		{4FBD32DD-6214-43C7-A8A8-FCA75D220521}.Release|Any CPU.ActiveCfg = Release|Any CPU
		{4FBD32DD-6214-43C7-A8A8-FCA75D220521}.Release|Any CPU.Build.0 = Release|Any CPU
		{7607F142-4310-4295-84B4-768549942574}.Debug|Any CPU.ActiveCfg = Debug|Any CPU
		{7607F142-4310-4295-84B4-768549942574}.Debug|Any CPU.Build.0 = Debug|Any CPU
		{7607F142-4310-4295-84B4-768549942574}.Release|Any CPU.ActiveCfg = Release|Any CPU
		{7607F142-4310-4295-84B4-768549942574}.Release|Any CPU.Build.0 = Release|Any CPU
	EndGlobalSection
	GlobalSection(SolutionProperties) = preSolution
		HideSolutionNode = FALSE
	EndGlobalSection
	GlobalSection(ExtensibilityGlobals) = postSolution
		SolutionGuid = {0E707C82-EBE9-445C-A33F-2F1EEF96F86F}
	EndGlobalSection
EndGlobal
